# THIS IS AN AUTOGENERATED FILE. DO NOT EDIT THIS FILE DIRECTLY.
# yarn lockfile v1


zod@^4.3.6:
  version "4.3.6"
  resolved "https://registry.yarnpkg.com/zod/-/zod-4.3.6.tgz#89c56e0aa7d2b05107d894412227087885ab112a"
  integrity sha512-rftlrkhHZOcjDwkGlnUtZZkvaPHCsDATp4pGpuOOMDaTdDDXF91wuVDJoWoPsKX/3YPQ5fHuF3STjcYyKr+Qhg==
